// !$*UTF8*$!
{
	archiveVersion = 1;
	classes = {
	};
	objectVersion = 46;
	objects = {

/* Begin PBXBuildFile section */
		86865E1A798A5C5E3976DD28 /* libPods.a in Frameworks */ = {isa = PBXBuildFile; fileRef = 24DA78E8DD6FFC76B383119D /* libPods.a */; };
		AE1426871AB143B2009AF69C /* allergyViewController.m in Sources */ = {isa = PBXBuildFile; fileRef = AE1426851AB143B2009AF69C /* allergyViewController.m */; };
		AE1426881AB143B2009AF69C /* allergyViewController.xib in Resources */ = {isa = PBXBuildFile; fileRef = AE1426861AB143B2009AF69C /* allergyViewController.xib */; };
		AE14268C1AB143D1009AF69C /* PlanViewController.m in Sources */ = {isa = PBXBuildFile; fileRef = AE14268A1AB143D1009AF69C /* PlanViewController.m */; };
		AE14268D1AB143D1009AF69C /* PlanViewController.xib in Resources */ = {isa = PBXBuildFile; fileRef = AE14268B1AB143D1009AF69C /* PlanViewController.xib */; };
		AE35EA071AAF835700453E02 /* connectionManager.m in Sources */ = {isa = PBXBuildFile; fileRef = AE35EA061AAF835700453E02 /* connectionManager.m */; };
		AE35EA0D1AAFDA3C00453E02 /* ProgressHUD.bundle in Resources */ = {isa = PBXBuildFile; fileRef = AE35EA0A1AAFDA3C00453E02 /* ProgressHUD.bundle */; };
		AE35EA0E1AAFDA3C00453E02 /* ProgressHUD.m in Sources */ = {isa = PBXBuildFile; fileRef = AE35EA0C1AAFDA3C00453E02 /* ProgressHUD.m */; };
		AE84A63F1AAD6CC600B8F945 /* main.m in Sources */ = {isa = PBXBuildFile; fileRef = AE84A63E1AAD6CC600B8F945 /* main.m */; };
		AE84A6421AAD6CC600B8F945 /* AppDelegate.m in Sources */ = {isa = PBXBuildFile; fileRef = AE84A6411AAD6CC600B8F945 /* AppDelegate.m */; };
		AE84A64A1AAD6CC600B8F945 /* Images.xcassets in Resources */ = {isa = PBXBuildFile; fileRef = AE84A6491AAD6CC600B8F945 /* Images.xcassets */; };
		AE84A64D1AAD6CC600B8F945 /* LaunchScreen.xib in Resources */ = {isa = PBXBuildFile; fileRef = AE84A64B1AAD6CC600B8F945 /* LaunchScreen.xib */; };
		AE84A6591AAD6CC600B8F945 /* healthCareTests.m in Sources */ = {isa = PBXBuildFile; fileRef = AE84A6581AAD6CC600B8F945 /* healthCareTests.m */; };
		AE84A6651AAD6D2200B8F945 /* PatientViewController.m in Sources */ = {isa = PBXBuildFile; fileRef = AE84A6631AAD6D2200B8F945 /* PatientViewController.m */; };
		AE84A6661AAD6D2200B8F945 /* PatientViewController.xib in Resources */ = {isa = PBXBuildFile; fileRef = AE84A6641AAD6D2200B8F945 /* PatientViewController.xib */; };
		AE84A66A1AAD6D3200B8F945 /* DoctorViewController.m in Sources */ = {isa = PBXBuildFile; fileRef = AE84A6681AAD6D3200B8F945 /* DoctorViewController.m */; };
		AE84A66B1AAD6D3200B8F945 /* DoctorViewController.xib in Resources */ = {isa = PBXBuildFile; fileRef = AE84A6691AAD6D3200B8F945 /* DoctorViewController.xib */; };
		AE84A66F1AAD6D4500B8F945 /* AdminViewController.m in Sources */ = {isa = PBXBuildFile; fileRef = AE84A66D1AAD6D4500B8F945 /* AdminViewController.m */; };
		AE84A6701AAD6D4500B8F945 /* AdminViewController.xib in Resources */ = {isa = PBXBuildFile; fileRef = AE84A66E1AAD6D4500B8F945 /* AdminViewController.xib */; };
		AE84A6731AAD6D5A00B8F945 /* LoginViewController.m in Sources */ = {isa = PBXBuildFile; fileRef = AE84A6721AAD6D5A00B8F945 /* LoginViewController.m */; };
		AE84A6761AAD6DAC00B8F945 /* TabBarViewController.m in Sources */ = {isa = PBXBuildFile; fileRef = AE84A6751AAD6DAC00B8F945 /* TabBarViewController.m */; };
		AE84A67C1AAE254300B8F945 /* InsetTextField.m in Sources */ = {isa = PBXBuildFile; fileRef = AE84A67B1AAE254300B8F945 /* InsetTextField.m */; };
		AEF985011AB015C8000FF661 /* patient.m in Sources */ = {isa = PBXBuildFile; fileRef = AEF985001AB015C8000FF661 /* patient.m */; };
		AEF985041AB0322D000FF661 /* settingViewViewController.m in Sources */ = {isa = PBXBuildFile; fileRef = AEF985031AB0322D000FF661 /* settingViewViewController.m */; };
		AEF985071AB0E822000FF661 /* Singleton.m in Sources */ = {isa = PBXBuildFile; fileRef = AEF985061AB0E822000FF661 /* Singleton.m */; };
		AEF9850A1AB113A5000FF661 /* doctor.m in Sources */ = {isa = PBXBuildFile; fileRef = AEF985091AB113A5000FF661 /* doctor.m */; };
		AEF9850D1AB11412000FF661 /* scheduledPlan.m in Sources */ = {isa = PBXBuildFile; fileRef = AEF9850C1AB11412000FF661 /* scheduledPlan.m */; };
		AEF985101AB11464000FF661 /* allergy.m in Sources */ = {isa = PBXBuildFile; fileRef = AEF9850F1AB11464000FF661 /* allergy.m */; };
		AEF985151AB11A5B000FF661 /* PatientDetailViewController.m in Sources */ = {isa = PBXBuildFile; fileRef = AEF985131AB11A5B000FF661 /* PatientDetailViewController.m */; };
		AEF985161AB11A5B000FF661 /* PatientDetailViewController.xib in Resources */ = {isa = PBXBuildFile; fileRef = AEF985141AB11A5B000FF661 /* PatientDetailViewController.xib */; };
/* End PBXBuildFile section */

/* Begin PBXContainerItemProxy section */
		AE84A6531AAD6CC600B8F945 /* PBXContainerItemProxy */ = {
			isa = PBXContainerItemProxy;
			containerPortal = AE84A6311AAD6CC600B8F945 /* Project object */;
			proxyType = 1;
			remoteGlobalIDString = AE84A6381AAD6CC600B8F945;
			remoteInfo = healthCare;
		};
/* End PBXContainerItemProxy section */

/* Begin PBXFileReference section */
		24DA78E8DD6FFC76B383119D /* libPods.a */ = {isa = PBXFileReference; explicitFileType = archive.ar; includeInIndex = 0; path = libPods.a; sourceTree = BUILT_PRODUCTS_DIR; };
		44A773D01E0AB0224163ECF5 /* Pods.debug.xcconfig */ = {isa = PBXFileReference; includeInIndex = 1; lastKnownFileType = text.xcconfig; name = Pods.debug.xcconfig; path = "Pods/Target Support Files/Pods/Pods.debug.xcconfig"; sourceTree = "<group>"; };
		AE1426841AB143B2009AF69C /* allergyViewController.h */ = {isa = PBXFileReference; fileEncoding = 4; lastKnownFileType = sourcecode.c.h; name = allergyViewController.h; path = Controllers/detailController/allergyViewController.h; sourceTree = "<group>"; };
		AE1426851AB143B2009AF69C /* allergyViewController.m */ = {isa = PBXFileReference; fileEncoding = 4; lastKnownFileType = sourcecode.c.objc; name = allergyViewController.m; path = Controllers/detailController/allergyViewController.m; sourceTree = "<group>"; };
		AE1426861AB143B2009AF69C /* allergyViewController.xib */ = {isa = PBXFileReference; fileEncoding = 4; lastKnownFileType = file.xib; name = allergyViewController.xib; path = Controllers/detailController/allergyViewController.xib; sourceTree = "<group>"; };
		AE1426891AB143D1009AF69C /* PlanViewController.h */ = {isa = PBXFileReference; fileEncoding = 4; lastKnownFileType = sourcecode.c.h; name = PlanViewController.h; path = Controllers/detailController/PlanViewController.h; sourceTree = "<group>"; };
		AE14268A1AB143D1009AF69C /* PlanViewController.m */ = {isa = PBXFileReference; fileEncoding = 4; lastKnownFileType = sourcecode.c.objc; name = PlanViewController.m; path = Controllers/detailController/PlanViewController.m; sourceTree = "<group>"; };
		AE14268B1AB143D1009AF69C /* PlanViewController.xib */ = {isa = PBXFileReference; fileEncoding = 4; lastKnownFileType = file.xib; name = PlanViewController.xib; path = Controllers/detailController/PlanViewController.xib; sourceTree = "<group>"; };
		AE35EA051AAF835700453E02 /* connectionManager.h */ = {isa = PBXFileReference; fileEncoding = 4; lastKnownFileType = sourcecode.c.h; name = connectionManager.h; path = model/connectionManager.h; sourceTree = "<group>"; };
		AE35EA061AAF835700453E02 /* connectionManager.m */ = {isa = PBXFileReference; fileEncoding = 4; lastKnownFileType = sourcecode.c.objc; name = connectionManager.m; path = model/connectionManager.m; sourceTree = "<group>"; };
		AE35EA0A1AAFDA3C00453E02 /* ProgressHUD.bundle */ = {isa = PBXFileReference; lastKnownFileType = "wrapper.plug-in"; path = ProgressHUD.bundle; sourceTree = "<group>"; };
		AE35EA0B1AAFDA3C00453E02 /* ProgressHUD.h */ = {isa = PBXFileReference; fileEncoding = 4; lastKnownFileType = sourcecode.c.h; path = ProgressHUD.h; sourceTree = "<group>"; };
		AE35EA0C1AAFDA3C00453E02 /* ProgressHUD.m */ = {isa = PBXFileReference; fileEncoding = 4; lastKnownFileType = sourcecode.c.objc; path = ProgressHUD.m; sourceTree = "<group>"; };
		AE84A6391AAD6CC600B8F945 /* healthCare.app */ = {isa = PBXFileReference; explicitFileType = wrapper.application; includeInIndex = 0; path = healthCare.app; sourceTree = BUILT_PRODUCTS_DIR; };
		AE84A63D1AAD6CC600B8F945 /* Info.plist */ = {isa = PBXFileReference; lastKnownFileType = text.plist.xml; path = Info.plist; sourceTree = "<group>"; };
		AE84A63E1AAD6CC600B8F945 /* main.m */ = {isa = PBXFileReference; lastKnownFileType = sourcecode.c.objc; path = main.m; sourceTree = "<group>"; };
		AE84A6401AAD6CC600B8F945 /* AppDelegate.h */ = {isa = PBXFileReference; lastKnownFileType = sourcecode.c.h; path = AppDelegate.h; sourceTree = "<group>"; };
		AE84A6411AAD6CC600B8F945 /* AppDelegate.m */ = {isa = PBXFileReference; lastKnownFileType = sourcecode.c.objc; path = AppDelegate.m; sourceTree = "<group>"; };
		AE84A6491AAD6CC600B8F945 /* Images.xcassets */ = {isa = PBXFileReference; lastKnownFileType = folder.assetcatalog; path = Images.xcassets; sourceTree = "<group>"; };
		AE84A64C1AAD6CC600B8F945 /* Base */ = {isa = PBXFileReference; lastKnownFileType = file.xib; name = Base; path = Base.lproj/LaunchScreen.xib; sourceTree = "<group>"; };
		AE84A6521AAD6CC600B8F945 /* healthCareTests.xctest */ = {isa = PBXFileReference; explicitFileType = wrapper.cfbundle; includeInIndex = 0; path = healthCareTests.xctest; sourceTree = BUILT_PRODUCTS_DIR; };
		AE84A6571AAD6CC600B8F945 /* Info.plist */ = {isa = PBXFileReference; lastKnownFileType = text.plist.xml; path = Info.plist; sourceTree = "<group>"; };
		AE84A6581AAD6CC600B8F945 /* healthCareTests.m */ = {isa = PBXFileReference; lastKnownFileType = sourcecode.c.objc; path = healthCareTests.m; sourceTree = "<group>"; };
		AE84A6621AAD6D2200B8F945 /* PatientViewController.h */ = {isa = PBXFileReference; fileEncoding = 4; lastKnownFileType = sourcecode.c.h; name = PatientViewController.h; path = Controllers/PatientViewController.h; sourceTree = "<group>"; };
		AE84A6631AAD6D2200B8F945 /* PatientViewController.m */ = {isa = PBXFileReference; fileEncoding = 4; lastKnownFileType = sourcecode.c.objc; name = PatientViewController.m; path = Controllers/PatientViewController.m; sourceTree = "<group>"; };
		AE84A6641AAD6D2200B8F945 /* PatientViewController.xib */ = {isa = PBXFileReference; fileEncoding = 4; lastKnownFileType = file.xib; name = PatientViewController.xib; path = Controllers/PatientViewController.xib; sourceTree = "<group>"; };
		AE84A6671AAD6D3200B8F945 /* DoctorViewController.h */ = {isa = PBXFileReference; fileEncoding = 4; lastKnownFileType = sourcecode.c.h; name = DoctorViewController.h; path = Controllers/DoctorViewController.h; sourceTree = "<group>"; };
		AE84A6681AAD6D3200B8F945 /* DoctorViewController.m */ = {isa = PBXFileReference; fileEncoding = 4; lastKnownFileType = sourcecode.c.objc; name = DoctorViewController.m; path = Controllers/DoctorViewController.m; sourceTree = "<group>"; };
		AE84A6691AAD6D3200B8F945 /* DoctorViewController.xib */ = {isa = PBXFileReference; fileEncoding = 4; lastKnownFileType = file.xib; name = DoctorViewController.xib; path = Controllers/DoctorViewController.xib; sourceTree = "<group>"; };
		AE84A66C1AAD6D4500B8F945 /* AdminViewController.h */ = {isa = PBXFileReference; fileEncoding = 4; lastKnownFileType = sourcecode.c.h; name = AdminViewController.h; path = Controllers/AdminViewController.h; sourceTree = "<group>"; };
		AE84A66D1AAD6D4500B8F945 /* AdminViewController.m */ = {isa = PBXFileReference; fileEncoding = 4; lastKnownFileType = sourcecode.c.objc; name = AdminViewController.m; path = Controllers/AdminViewController.m; sourceTree = "<group>"; };
		AE84A66E1AAD6D4500B8F945 /* AdminViewController.xib */ = {isa = PBXFileReference; fileEncoding = 4; lastKnownFileType = file.xib; name = AdminViewController.xib; path = Controllers/AdminViewController.xib; sourceTree = "<group>"; };
		AE84A6711AAD6D5A00B8F945 /* LoginViewController.h */ = {isa = PBXFileReference; fileEncoding = 4; lastKnownFileType = sourcecode.c.h; name = LoginViewController.h; path = Base/LoginViewController.h; sourceTree = "<group>"; };
		AE84A6721AAD6D5A00B8F945 /* LoginViewController.m */ = {isa = PBXFileReference; fileEncoding = 4; lastKnownFileType = sourcecode.c.objc; name = LoginViewController.m; path = Base/LoginViewController.m; sourceTree = "<group>"; };
		AE84A6741AAD6DAC00B8F945 /* TabBarViewController.h */ = {isa = PBXFileReference; fileEncoding = 4; lastKnownFileType = sourcecode.c.h; name = TabBarViewController.h; path = Base/TabBarViewController.h; sourceTree = "<group>"; };
		AE84A6751AAD6DAC00B8F945 /* TabBarViewController.m */ = {isa = PBXFileReference; fileEncoding = 4; lastKnownFileType = sourcecode.c.objc; name = TabBarViewController.m; path = Base/TabBarViewController.m; sourceTree = "<group>"; };
		AE84A67A1AAE254300B8F945 /* InsetTextField.h */ = {isa = PBXFileReference; fileEncoding = 4; lastKnownFileType = sourcecode.c.h; name = InsetTextField.h; path = views/InsetTextField.h; sourceTree = "<group>"; };
		AE84A67B1AAE254300B8F945 /* InsetTextField.m */ = {isa = PBXFileReference; fileEncoding = 4; lastKnownFileType = sourcecode.c.objc; name = InsetTextField.m; path = views/InsetTextField.m; sourceTree = "<group>"; };
		AEF984FF1AB015C8000FF661 /* patient.h */ = {isa = PBXFileReference; fileEncoding = 4; lastKnownFileType = sourcecode.c.h; name = patient.h; path = model/patient.h; sourceTree = "<group>"; };
		AEF985001AB015C8000FF661 /* patient.m */ = {isa = PBXFileReference; fileEncoding = 4; lastKnownFileType = sourcecode.c.objc; name = patient.m; path = model/patient.m; sourceTree = "<group>"; };
		AEF985021AB0322D000FF661 /* settingViewViewController.h */ = {isa = PBXFileReference; fileEncoding = 4; lastKnownFileType = sourcecode.c.h; name = settingViewViewController.h; path = Controllers/settingViewViewController.h; sourceTree = "<group>"; };
		AEF985031AB0322D000FF661 /* settingViewViewController.m */ = {isa = PBXFileReference; fileEncoding = 4; lastKnownFileType = sourcecode.c.objc; name = settingViewViewController.m; path = Controllers/settingViewViewController.m; sourceTree = "<group>"; };
		AEF985051AB0E822000FF661 /* Singleton.h */ = {isa = PBXFileReference; fileEncoding = 4; lastKnownFileType = sourcecode.c.h; name = Singleton.h; path = model/Singleton.h; sourceTree = "<group>"; };
		AEF985061AB0E822000FF661 /* Singleton.m */ = {isa = PBXFileReference; fileEncoding = 4; lastKnownFileType = sourcecode.c.objc; name = Singleton.m; path = model/Singleton.m; sourceTree = "<group>"; };
		AEF985081AB113A5000FF661 /* doctor.h */ = {isa = PBXFileReference; fileEncoding = 4; lastKnownFileType = sourcecode.c.h; name = doctor.h; path = model/doctor.h; sourceTree = "<group>"; };
		AEF985091AB113A5000FF661 /* doctor.m */ = {isa = PBXFileReference; fileEncoding = 4; lastKnownFileType = sourcecode.c.objc; name = doctor.m; path = model/doctor.m; sourceTree = "<group>"; };
		AEF9850B1AB11412000FF661 /* scheduledPlan.h */ = {isa = PBXFileReference; fileEncoding = 4; lastKnownFileType = sourcecode.c.h; name = scheduledPlan.h; path = model/scheduledPlan.h; sourceTree = "<group>"; };
		AEF9850C1AB11412000FF661 /* scheduledPlan.m */ = {isa = PBXFileReference; fileEncoding = 4; lastKnownFileType = sourcecode.c.objc; name = scheduledPlan.m; path = model/scheduledPlan.m; sourceTree = "<group>"; };
		AEF9850E1AB11464000FF661 /* allergy.h */ = {isa = PBXFileReference; fileEncoding = 4; lastKnownFileType = sourcecode.c.h; name = allergy.h; path = model/allergy.h; sourceTree = "<group>"; };
		AEF9850F1AB11464000FF661 /* allergy.m */ = {isa = PBXFileReference; fileEncoding = 4; lastKnownFileType = sourcecode.c.objc; name = allergy.m; path = model/allergy.m; sourceTree = "<group>"; };
		AEF985121AB11A5B000FF661 /* PatientDetailViewController.h */ = {isa = PBXFileReference; fileEncoding = 4; lastKnownFileType = sourcecode.c.h; name = PatientDetailViewController.h; path = Controllers/detailController/PatientDetailViewController.h; sourceTree = "<group>"; };
		AEF985131AB11A5B000FF661 /* PatientDetailViewController.m */ = {isa = PBXFileReference; fileEncoding = 4; lastKnownFileType = sourcecode.c.objc; name = PatientDetailViewController.m; path = Controllers/detailController/PatientDetailViewController.m; sourceTree = "<group>"; };
		AEF985141AB11A5B000FF661 /* PatientDetailViewController.xib */ = {isa = PBXFileReference; fileEncoding = 4; lastKnownFileType = file.xib; name = PatientDetailViewController.xib; path = Controllers/detailController/PatientDetailViewController.xib; sourceTree = "<group>"; };
		C72C27E3013EA1C1EB543FCA /* Pods.release.xcconfig */ = {isa = PBXFileReference; includeInIndex = 1; lastKnownFileType = text.xcconfig; name = Pods.release.xcconfig; path = "Pods/Target Support Files/Pods/Pods.release.xcconfig"; sourceTree = "<group>"; };
/* End PBXFileReference section */

/* Begin PBXFrameworksBuildPhase section */
		AE84A6361AAD6CC600B8F945 /* Frameworks */ = {
			isa = PBXFrameworksBuildPhase;
			buildActionMask = 2147483647;
			files = (
				86865E1A798A5C5E3976DD28 /* libPods.a in Frameworks */,
			);
			runOnlyForDeploymentPostprocessing = 0;
		};
		AE84A64F1AAD6CC600B8F945 /* Frameworks */ = {
			isa = PBXFrameworksBuildPhase;
			buildActionMask = 2147483647;
			files = (
			);
			runOnlyForDeploymentPostprocessing = 0;
		};
/* End PBXFrameworksBuildPhase section */

/* Begin PBXGroup section */
		288FACA6CCDE9CA05376CC69 /* Frameworks */ = {
			isa = PBXGroup;
			children = (
				24DA78E8DD6FFC76B383119D /* libPods.a */,
			);
			name = Frameworks;
			sourceTree = "<group>";
		};
		5626875E23E01424D34ADF27 /* Pods */ = {
			isa = PBXGroup;
			children = (
				44A773D01E0AB0224163ECF5 /* Pods.debug.xcconfig */,
				C72C27E3013EA1C1EB543FCA /* Pods.release.xcconfig */,
			);
			name = Pods;
			sourceTree = "<group>";
		};
		AE35EA041AAF82DE00453E02 /* model */ = {
			isa = PBXGroup;
			children = (
				AE35EA051AAF835700453E02 /* connectionManager.h */,
				AE35EA061AAF835700453E02 /* connectionManager.m */,
				AEF984FF1AB015C8000FF661 /* patient.h */,
				AEF985001AB015C8000FF661 /* patient.m */,
				AEF985051AB0E822000FF661 /* Singleton.h */,
				AEF985061AB0E822000FF661 /* Singleton.m */,
				AEF985081AB113A5000FF661 /* doctor.h */,
				AEF985091AB113A5000FF661 /* doctor.m */,
				AEF9850B1AB11412000FF661 /* scheduledPlan.h */,
				AEF9850C1AB11412000FF661 /* scheduledPlan.m */,
				AEF9850E1AB11464000FF661 /* allergy.h */,
				AEF9850F1AB11464000FF661 /* allergy.m */,
			);
			name = model;
			sourceTree = "<group>";
		};
		AE35EA081AAFDA2E00453E02 /* vendor */ = {
			isa = PBXGroup;
			children = (
				AE35EA091AAFDA3C00453E02 /* ProgressHUD */,
			);
			name = vendor;
			sourceTree = "<group>";
		};
		AE35EA091AAFDA3C00453E02 /* ProgressHUD */ = {
			isa = PBXGroup;
			children = (
				AE35EA0A1AAFDA3C00453E02 /* ProgressHUD.bundle */,
				AE35EA0B1AAFDA3C00453E02 /* ProgressHUD.h */,
				AE35EA0C1AAFDA3C00453E02 /* ProgressHUD.m */,
			);
			path = ProgressHUD;
			sourceTree = "<group>";
		};
		AE84A6301AAD6CC600B8F945 = {
			isa = PBXGroup;
			children = (
				AE84A63B1AAD6CC600B8F945 /* healthCare */,
				AE84A6551AAD6CC600B8F945 /* healthCareTests */,
				AE84A63A1AAD6CC600B8F945 /* Products */,
				5626875E23E01424D34ADF27 /* Pods */,
				288FACA6CCDE9CA05376CC69 /* Frameworks */,
			);
			sourceTree = "<group>";
		};
		AE84A63A1AAD6CC600B8F945 /* Products */ = {
			isa = PBXGroup;
			children = (
				AE84A6391AAD6CC600B8F945 /* healthCare.app */,
				AE84A6521AAD6CC600B8F945 /* healthCareTests.xctest */,
			);
			name = Products;
			sourceTree = "<group>";
		};
		AE84A63B1AAD6CC600B8F945 /* healthCare */ = {
			isa = PBXGroup;
			children = (
				AE84A6401AAD6CC600B8F945 /* AppDelegate.h */,
				AE84A6411AAD6CC600B8F945 /* AppDelegate.m */,
				AE35EA081AAFDA2E00453E02 /* vendor */,
				AE84A67D1AAE255000B8F945 /* Textfield */,
				AE84A6781AAD6DCC00B8F945 /* Controllers */,
				AE84A6771AAD6DB400B8F945 /* Base */,
				AE35EA041AAF82DE00453E02 /* model */,
				AE84A6491AAD6CC600B8F945 /* Images.xcassets */,
				AE84A64B1AAD6CC600B8F945 /* LaunchScreen.xib */,
				AE84A63C1AAD6CC600B8F945 /* Supporting Files */,
			);
			path = healthCare;
			sourceTree = "<group>";
		};
		AE84A63C1AAD6CC600B8F945 /* Supporting Files */ = {
			isa = PBXGroup;
			children = (
				AE84A63D1AAD6CC600B8F945 /* Info.plist */,
				AE84A63E1AAD6CC600B8F945 /* main.m */,
			);
			name = "Supporting Files";
			sourceTree = "<group>";
		};
		AE84A6551AAD6CC600B8F945 /* healthCareTests */ = {
			isa = PBXGroup;
			children = (
				AE84A6581AAD6CC600B8F945 /* healthCareTests.m */,
				AE84A6561AAD6CC600B8F945 /* Supporting Files */,
			);
			path = healthCareTests;
			sourceTree = "<group>";
		};
		AE84A6561AAD6CC600B8F945 /* Supporting Files */ = {
			isa = PBXGroup;
			children = (
				AE84A6571AAD6CC600B8F945 /* Info.plist */,
			);
			name = "Supporting Files";
			sourceTree = "<group>";
		};
		AE84A6771AAD6DB400B8F945 /* Base */ = {
			isa = PBXGroup;
			children = (
				AE84A6711AAD6D5A00B8F945 /* LoginViewController.h */,
				AE84A6721AAD6D5A00B8F945 /* LoginViewController.m */,
				AE84A6741AAD6DAC00B8F945 /* TabBarViewController.h */,
				AE84A6751AAD6DAC00B8F945 /* TabBarViewController.m */,
			);
			name = Base;
			sourceTree = "<group>";
		};
		AE84A6781AAD6DCC00B8F945 /* Controllers */ = {
			isa = PBXGroup;
			children = (
				AEF985111AB11A24000FF661 /* DetailControllers */,
				AE84A6621AAD6D2200B8F945 /* PatientViewController.h */,
				AE84A6631AAD6D2200B8F945 /* PatientViewController.m */,
				AE84A6641AAD6D2200B8F945 /* PatientViewController.xib */,
				AE84A6671AAD6D3200B8F945 /* DoctorViewController.h */,
				AE84A6681AAD6D3200B8F945 /* DoctorViewController.m */,
				AE84A6691AAD6D3200B8F945 /* DoctorViewController.xib */,
				AE84A66C1AAD6D4500B8F945 /* AdminViewController.h */,
				AE84A66D1AAD6D4500B8F945 /* AdminViewController.m */,
				AE84A66E1AAD6D4500B8F945 /* AdminViewController.xib */,
				AEF985021AB0322D000FF661 /* settingViewViewController.h */,
				AEF985031AB0322D000FF661 /* settingViewViewController.m */,
			);
			name = Controllers;
			sourceTree = "<group>";
		};
		AE84A67D1AAE255000B8F945 /* Textfield */ = {
			isa = PBXGroup;
			children = (
				AE84A67A1AAE254300B8F945 /* InsetTextField.h */,
				AE84A67B1AAE254300B8F945 /* InsetTextField.m */,
			);
			name = Textfield;
			sourceTree = "<group>";
		};
		AEF985111AB11A24000FF661 /* DetailControllers */ = {
			isa = PBXGroup;
			children = (
				AEF985121AB11A5B000FF661 /* PatientDetailViewController.h */,
				AEF985131AB11A5B000FF661 /* PatientDetailViewController.m */,
				AEF985141AB11A5B000FF661 /* PatientDetailViewController.xib */,
				AE1426841AB143B2009AF69C /* allergyViewController.h */,
				AE1426851AB143B2009AF69C /* allergyViewController.m */,
				AE1426861AB143B2009AF69C /* allergyViewController.xib */,
				AE1426891AB143D1009AF69C /* PlanViewController.h */,
				AE14268A1AB143D1009AF69C /* PlanViewController.m */,
				AE14268B1AB143D1009AF69C /* PlanViewController.xib */,
			);
			name = DetailControllers;
			sourceTree = "<group>";
		};
/* End PBXGroup section */

/* Begin PBXNativeTarget section */
		AE84A6381AAD6CC600B8F945 /* healthCare */ = {
			isa = PBXNativeTarget;
			buildConfigurationList = AE84A65C1AAD6CC600B8F945 /* Build configuration list for PBXNativeTarget "healthCare" */;
			buildPhases = (
				7182A6F235333577BA10BCD1 /* Check Pods Manifest.lock */,
				AE84A6351AAD6CC600B8F945 /* Sources */,
				AE84A6361AAD6CC600B8F945 /* Frameworks */,
				AE84A6371AAD6CC600B8F945 /* Resources */,
				93CECDD45DB89E289F9A5622 /* Copy Pods Resources */,
			);
			buildRules = (
			);
			dependencies = (
			);
			name = healthCare;
			productName = healthCare;
			productReference = AE84A6391AAD6CC600B8F945 /* healthCare.app */;
			productType = "com.apple.product-type.application";
		};
		AE84A6511AAD6CC600B8F945 /* healthCareTests */ = {
			isa = PBXNativeTarget;
			buildConfigurationList = AE84A65F1AAD6CC600B8F945 /* Build configuration list for PBXNativeTarget "healthCareTests" */;
			buildPhases = (
				AE84A64E1AAD6CC600B8F945 /* Sources */,
				AE84A64F1AAD6CC600B8F945 /* Frameworks */,
				AE84A6501AAD6CC600B8F945 /* Resources */,
			);
			buildRules = (
			);
			dependencies = (
				AE84A6541AAD6CC600B8F945 /* PBXTargetDependency */,
			);
			name = healthCareTests;
			productName = healthCareTests;
			productReference = AE84A6521AAD6CC600B8F945 /* healthCareTests.xctest */;
			productType = "com.apple.product-type.bundle.unit-test";
		};
/* End PBXNativeTarget section */

/* Begin PBXProject section */
		AE84A6311AAD6CC600B8F945 /* Project object */ = {
			isa = PBXProject;
			attributes = {
				LastUpgradeCheck = 0610;
				ORGANIZATIONNAME = "Liu Zhe";
				TargetAttributes = {
					AE84A6381AAD6CC600B8F945 = {
						CreatedOnToolsVersion = 6.1.1;
					};
					AE84A6511AAD6CC600B8F945 = {
						CreatedOnToolsVersion = 6.1.1;
						TestTargetID = AE84A6381AAD6CC600B8F945;
					};
				};
			};
			buildConfigurationList = AE84A6341AAD6CC600B8F945 /* Build configuration list for PBXProject "healthCare" */;
			compatibilityVersion = "Xcode 3.2";
			developmentRegion = English;
			hasScannedForEncodings = 0;
			knownRegions = (
				en,
				Base,
			);
			mainGroup = AE84A6301AAD6CC600B8F945;
			productRefGroup = AE84A63A1AAD6CC600B8F945 /* Products */;
			projectDirPath = "";
			projectRoot = "";
			targets = (
				AE84A6381AAD6CC600B8F945 /* healthCare */,
				AE84A6511AAD6CC600B8F945 /* healthCareTests */,
			);
		};
/* End PBXProject section */

/* Begin PBXResourcesBuildPhase section */
		AE84A6371AAD6CC600B8F945 /* Resources */ = {
			isa = PBXResourcesBuildPhase;
			buildActionMask = 2147483647;
			files = (
				AE84A64D1AAD6CC600B8F945 /* LaunchScreen.xib in Resources */,
				AE14268D1AB143D1009AF69C /* PlanViewController.xib in Resources */,
				AE1426881AB143B2009AF69C /* allergyViewController.xib in Resources */,
				AE84A6661AAD6D2200B8F945 /* PatientViewController.xib in Resources */,
				AE35EA0D1AAFDA3C00453E02 /* ProgressHUD.bundle in Resources */,
				AE84A64A1AAD6CC600B8F945 /* Images.xcassets in Resources */,
				AEF985161AB11A5B000FF661 /* PatientDetailViewController.xib in Resources */,
				AE84A66B1AAD6D3200B8F945 /* DoctorViewController.xib in Resources */,
				AE84A6701AAD6D4500B8F945 /* AdminViewController.xib in Resources */,
			);
			runOnlyForDeploymentPostprocessing = 0;
		};
		AE84A6501AAD6CC600B8F945 /* Resources */ = {
			isa = PBXResourcesBuildPhase;
			buildActionMask = 2147483647;
			files = (
			);
			runOnlyForDeploymentPostprocessing = 0;
		};
/* End PBXResourcesBuildPhase section */

/* Begin PBXShellScriptBuildPhase section */
		7182A6F235333577BA10BCD1 /* Check Pods Manifest.lock */ = {
			isa = PBXShellScriptBuildPhase;
			buildActionMask = 2147483647;
			files = (
			);
			inputPaths = (
			);
			name = "Check Pods Manifest.lock";
			outputPaths = (
			);
			runOnlyForDeploymentPostprocessing = 0;
			shellPath = /bin/sh;
			shellScript = "diff \"${PODS_ROOT}/../Podfile.lock\" \"${PODS_ROOT}/Manifest.lock\" > /dev/null\nif [[ $? != 0 ]] ; then\n    cat << EOM\nerror: The sandbox is not in sync with the Podfile.lock. Run 'pod install' or update your CocoaPods installation.\nEOM\n    exit 1\nfi\n";
			showEnvVarsInLog = 0;
		};
		93CECDD45DB89E289F9A5622 /* Copy Pods Resources */ = {
			isa = PBXShellScriptBuildPhase;
			buildActionMask = 2147483647;
			files = (
			);
			inputPaths = (
			);
			name = "Copy Pods Resources";
			outputPaths = (
			);
			runOnlyForDeploymentPostprocessing = 0;
			shellPath = /bin/sh;
			shellScript = "\"${SRCROOT}/Pods/Target Support Files/Pods/Pods-resources.sh\"\n";
			showEnvVarsInLog = 0;
		};
/* End PBXShellScriptBuildPhase section */

/* Begin PBXSourcesBuildPhase section */
		AE84A6351AAD6CC600B8F945 /* Sources */ = {
			isa = PBXSourcesBuildPhase;
			buildActionMask = 2147483647;
			files = (
				AEF985071AB0E822000FF661 /* Singleton.m in Sources */,
				AE84A6421AAD6CC600B8F945 /* AppDelegate.m in Sources */,
				AE84A6651AAD6D2200B8F945 /* PatientViewController.m in Sources */,
				AEF985041AB0322D000FF661 /* settingViewViewController.m in Sources */,
				AEF985101AB11464000FF661 /* allergy.m in Sources */,
				AEF9850A1AB113A5000FF661 /* doctor.m in Sources */,
				AEF985011AB015C8000FF661 /* patient.m in Sources */,
				AE35EA0E1AAFDA3C00453E02 /* ProgressHUD.m in Sources */,
				AE84A6761AAD6DAC00B8F945 /* TabBarViewController.m in Sources */,
				AE84A6731AAD6D5A00B8F945 /* LoginViewController.m in Sources */,
				AEF985151AB11A5B000FF661 /* PatientDetailViewController.m in Sources */,
				AE84A66F1AAD6D4500B8F945 /* AdminViewController.m in Sources */,
				AE35EA071AAF835700453E02 /* connectionManager.m in Sources */,
				AE1426871AB143B2009AF69C /* allergyViewController.m in Sources */,
				AE84A63F1AAD6CC600B8F945 /* main.m in Sources */,
				AE84A66A1AAD6D3200B8F945 /* DoctorViewController.m in Sources */,
				AE84A67C1AAE254300B8F945 /* InsetTextField.m in Sources */,
				AEF9850D1AB11412000FF661 /* scheduledPlan.m in Sources */,
				AE14268C1AB143D1009AF69C /* PlanViewController.m in Sources */,
			);
			runOnlyForDeploymentPostprocessing = 0;
		};
		AE84A64E1AAD6CC600B8F945 /* Sources */ = {
			isa = PBXSourcesBuildPhase;
			buildActionMask = 2147483647;
			files = (
				AE84A6591AAD6CC600B8F945 /* healthCareTests.m in Sources */,
			);
			runOnlyForDeploymentPostprocessing = 0;
		};
/* End PBXSourcesBuildPhase section */

/* Begin PBXTargetDependency section */
		AE84A6541AAD6CC600B8F945 /* PBXTargetDependency */ = {
			isa = PBXTargetDependency;
			target = AE84A6381AAD6CC600B8F945 /* healthCare */;
			targetProxy = AE84A6531AAD6CC600B8F945 /* PBXContainerItemProxy */;
		};
/* End PBXTargetDependency section */

/* Begin PBXVariantGroup section */
		AE84A64B1AAD6CC600B8F945 /* LaunchScreen.xib */ = {
			isa = PBXVariantGroup;
			children = (
				AE84A64C1AAD6CC600B8F945 /* Base */,
			);
			name = LaunchScreen.xib;
			sourceTree = "<group>";
		};
/* End PBXVariantGroup section */

/* Begin XCBuildConfiguration section */
		AE84A65A1AAD6CC600B8F945 /* Debug */ = {
			isa = XCBuildConfiguration;
			buildSettings = {
				ALWAYS_SEARCH_USER_PATHS = NO;
				CLANG_CXX_LANGUAGE_STANDARD = "gnu++0x";
				CLANG_CXX_LIBRARY = "libc++";
				CLANG_ENABLE_MODULES = YES;
				CLANG_ENABLE_OBJC_ARC = YES;
				CLANG_WARN_BOOL_CONVERSION = YES;
				CLANG_WARN_CONSTANT_CONVERSION = YES;
				CLANG_WARN_DIRECT_OBJC_ISA_USAGE = YES_ERROR;
				CLANG_WARN_EMPTY_BODY = YES;
				CLANG_WARN_ENUM_CONVERSION = YES;
				CLANG_WARN_INT_CONVERSION = YES;
				CLANG_WARN_OBJC_ROOT_CLASS = YES_ERROR;
				CLANG_WARN_UNREACHABLE_CODE = YES;
				CLANG_WARN__DUPLICATE_METHOD_MATCH = YES;
				"CODE_SIGN_IDENTITY[sdk=iphoneos*]" = "iPhone Developer";
				COPY_PHASE_STRIP = NO;
				ENABLE_STRICT_OBJC_MSGSEND = YES;
				GCC_C_LANGUAGE_STANDARD = gnu99;
				GCC_DYNAMIC_NO_PIC = NO;
				GCC_OPTIMIZATION_LEVEL = 0;
				GCC_PREPROCESSOR_DEFINITIONS = (
					"DEBUG=1",
					"$(inherited)",
				);
				GCC_SYMBOLS_PRIVATE_EXTERN = NO;
				GCC_WARN_64_TO_32_BIT_CONVERSION = YES;
				GCC_WARN_ABOUT_RETURN_TYPE = YES_ERROR;
				GCC_WARN_UNDECLARED_SELECTOR = YES;
				GCC_WARN_UNINITIALIZED_AUTOS = YES_AGGRESSIVE;
				GCC_WARN_UNUSED_FUNCTION = YES;
				GCC_WARN_UNUSED_VARIABLE = YES;
				IPHONEOS_DEPLOYMENT_TARGET = 8.1;
				MTL_ENABLE_DEBUG_INFO = YES;
				ONLY_ACTIVE_ARCH = YES;
				SDKROOT = iphoneos;
			};
			name = Debug;
		};
		AE84A65B1AAD6CC600B8F945 /* Release */ = {
			isa = XCBuildConfiguration;
			buildSettings = {
				ALWAYS_SEARCH_USER_PATHS = NO;
				CLANG_CXX_LANGUAGE_STANDARD = "gnu++0x";
				CLANG_CXX_LIBRARY = "libc++";
				CLANG_ENABLE_MODULES = YES;
				CLANG_ENABLE_OBJC_ARC = YES;
				CLANG_WARN_BOOL_CONVERSION = YES;
				CLANG_WARN_CONSTANT_CONVERSION = YES;
				CLANG_WARN_DIRECT_OBJC_ISA_USAGE = YES_ERROR;
				CLANG_WARN_EMPTY_BODY = YES;
				CLANG_WARN_ENUM_CONVERSION = YES;
				CLANG_WARN_INT_CONVERSION = YES;
				CLANG_WARN_OBJC_ROOT_CLASS = YES_ERROR;
				CLANG_WARN_UNREACHABLE_CODE = YES;
				CLANG_WARN__DUPLICATE_METHOD_MATCH = YES;
				"CODE_SIGN_IDENTITY[sdk=iphoneos*]" = "iPhone Developer";
				COPY_PHASE_STRIP = YES;
				ENABLE_NS_ASSERTIONS = NO;
				ENABLE_STRICT_OBJC_MSGSEND = YES;
				GCC_C_LANGUAGE_STANDARD = gnu99;
				GCC_WARN_64_TO_32_BIT_CONVERSION = YES;
				GCC_WARN_ABOUT_RETURN_TYPE = YES_ERROR;
				GCC_WARN_UNDECLARED_SELECTOR = YES;
				GCC_WARN_UNINITIALIZED_AUTOS = YES_AGGRESSIVE;
				GCC_WARN_UNUSED_FUNCTION = YES;
				GCC_WARN_UNUSED_VARIABLE = YES;
				IPHONEOS_DEPLOYMENT_TARGET = 8.1;
				MTL_ENABLE_DEBUG_INFO = NO;
				SDKROOT = iphoneos;
				VALIDATE_PRODUCT = YES;
			};
			name = Release;
		};
		AE84A65D1AAD6CC600B8F945 /* Debug */ = {
			isa = XCBuildConfiguration;
			baseConfigurationReference = 44A773D01E0AB0224163ECF5 /* Pods.debug.xcconfig */;
			buildSettings = {
				ASSETCATALOG_COMPILER_APPICON_NAME = AppIcon;
				INFOPLIST_FILE = healthCare/Info.plist;
				LD_RUNPATH_SEARCH_PATHS = "$(inherited) @executable_path/Frameworks";
				PRODUCT_NAME = "$(TARGET_NAME)";
			};
			name = Debug;
		};
		AE84A65E1AAD6CC600B8F945 /* Release */ = {
			isa = XCBuildConfiguration;
			baseConfigurationReference = C72C27E3013EA1C1EB543FCA /* Pods.release.xcconfig */;
			buildSettings = {
				ASSETCATALOG_COMPILER_APPICON_NAME = AppIcon;
				INFOPLIST_FILE = healthCare/Info.plist;
				LD_RUNPATH_SEARCH_PATHS = "$(inherited) @executable_path/Frameworks";
				PRODUCT_NAME = "$(TARGET_NAME)";
			};
			name = Release;
		};
		AE84A6601AAD6CC600B8F945 /* Debug */ = {
			isa = XCBuildConfiguration;
			buildSettings = {
				BUNDLE_LOADER = "$(TEST_HOST)";
				FRAMEWORK_SEARCH_PATHS = (
					"$(SDKROOT)/Developer/Library/Frameworks",
					"$(inherited)",
				);
				GCC_PREPROCESSOR_DEFINITIONS = (
					"DEBUG=1",
					"$(inherited)",
				);
				INFOPLIST_FILE = healthCareTests/Info.plist;
				LD_RUNPATH_SEARCH_PATHS = "$(inherited) @executable_path/Frameworks @loader_path/Frameworks";
				PRODUCT_NAME = "$(TARGET_NAME)";
				TEST_HOST = "$(BUILT_PRODUCTS_DIR)/healthCare.app/healthCare";
			};
			name = Debug;
		};
		AE84A6611AAD6CC600B8F945 /* Release */ = {
			isa = XCBuildConfiguration;
			buildSettings = {
				BUNDLE_LOADER = "$(TEST_HOST)";
				FRAMEWORK_SEARCH_PATHS = (
					"$(SDKROOT)/Developer/Library/Frameworks",
					"$(inherited)",
				);
				INFOPLIST_FILE = healthCareTests/Info.plist;
				LD_RUNPATH_SEARCH_PATHS = "$(inherited) @executable_path/Frameworks @loader_path/Frameworks";
				PRODUCT_NAME = "$(TARGET_NAME)";
				TEST_HOST = "$(BUILT_PRODUCTS_DIR)/healthCare.app/healthCare";
			};
			name = Release;
		};
/* End XCBuildConfiguration section */

/* Begin XCConfigurationList section */
		AE84A6341AAD6CC600B8F945 /* Build configuration list for PBXProject "healthCare" */ = {
			isa = XCConfigurationList;
			buildConfigurations = (
				AE84A65A1AAD6CC600B8F945 /* Debug */,
				AE84A65B1AAD6CC600B8F945 /* Release */,
			);
			defaultConfigurationIsVisible = 0;
			defaultConfigurationName = Release;
		};
		AE84A65C1AAD6CC600B8F945 /* Build configuration list for PBXNativeTarget "healthCare" */ = {
			isa = XCConfigurationList;
			buildConfigurations = (
				AE84A65D1AAD6CC600B8F945 /* Debug */,
				AE84A65E1AAD6CC600B8F945 /* Release */,
			);
			defaultConfigurationIsVisible = 0;
			defaultConfigurationName = Release;
		};
		AE84A65F1AAD6CC600B8F945 /* Build configuration list for PBXNativeTarget "healthCareTests" */ = {
			isa = XCConfigurationList;
			buildConfigurations = (
				AE84A6601AAD6CC600B8F945 /* Debug */,
				AE84A6611AAD6CC600B8F945 /* Release */,
			);
			defaultConfigurationIsVisible = 0;
			defaultConfigurationName = Release;
		};
/* End XCConfigurationList section */
	};
	rootObject = AE84A6311AAD6CC600B8F945 /* Project object */;
}
